Microsoft Visual Studio Solution File, Format Version 12.00
# Visual Studio 2012
Project("{FAE04EC0-301F-11D3-BF4B-00C04F79EFBC}") = "Space Sim", "Space Sim.csproj", "{30978CBB-CD18-4FD0-ACC8-C14B0DEB756F}"
EndProject
Global
	GlobalSection(SolutionConfigurationPlatforms) = preSolution
	Debug|Any CPU = Debug|Any CPU
	ExportDebug|Any CPU = ExportDebug|Any CPU
	ExportRelease|Any CPU = ExportRelease|Any CPU
	EndGlobalSection
	GlobalSection(ProjectConfigurationPlatforms) = postSolution
		{30978CBB-CD18-4FD0-ACC8-C14B0DEB756F}.Debug|Any CPU.ActiveCfg = Debug|Any CPU
		{30978CBB-CD18-4FD0-ACC8-C14B0DEB756F}.Debug|Any CPU.Build.0 = Debug|Any CPU
		{30978CBB-CD18-4FD0-ACC8-C14B0DEB756F}.ExportDebug|Any CPU.ActiveCfg = ExportDebug|Any CPU
		{30978CBB-CD18-4FD0-ACC8-C14B0DEB756F}.ExportDebug|Any CPU.Build.0 = ExportDebug|Any CPU
		{30978CBB-CD18-4FD0-ACC8-C14B0DEB756F}.ExportRelease|Any CPU.ActiveCfg = ExportRelease|Any CPU
		{30978CBB-CD18-4FD0-ACC8-C14B0DEB756F}.ExportRelease|Any CPU.Build.0 = ExportRelease|Any CPU
	EndGlobalSection
EndGlobal
